
Microsoft Visual Studio Solution File, Format Version 12.00
# Visual Studio Version 16
VisualStudioVersion = 16.0.28922.388
MinimumVisualStudioVersion = 10.0.40219.1
Project("{FAE04EC0-301F-11D3-BF4B-00C04F79EFBC}") = "Integrate2019Demo", "Integrate2019Demo.csproj", "{C62CF724-7D5C-4757-8172-306B3B6687D9}"
EndProject
Global
	GlobalSection(SolutionConfigurationPlatforms) = preSolution
		Debug|Any CPU = Debug|Any CPU
		Release|Any CPU = Release|Any CPU
	EndGlobalSection
	GlobalSection(ProjectConfigurationPlatforms) = postSolution
		{C62CF724-7D5C-4757-8172-306B3B6687D9}.Debug|Any CPU.ActiveCfg = Debug|Any CPU
		{C62CF724-7D5C-4757-8172-306B3B6687D9}.Debug|Any CPU.Build.0 = Debug|Any CPU
		{C62CF724-7D5C-4757-8172-306B3B6687D9}.Release|Any CPU.ActiveCfg = Release|Any CPU
		{C62CF724-7D5C-4757-8172-306B3B6687D9}.Release|Any CPU.Build.0 = Release|Any CPU
	EndGlobalSection
	GlobalSection(SolutionProperties) = preSolution
		HideSolutionNode = FALSE
	EndGlobalSection
	GlobalSection(ExtensibilityGlobals) = postSolution
		SolutionGuid = {595C081C-3776-4366-86AB-8A7A80E006C1}
	EndGlobalSection
EndGlobal
